
Microsoft Visual Studio Solution File, Format Version 12.00
# Visual Studio Version 16
VisualStudioVersion = 16.0.29306.81
MinimumVisualStudioVersion = 10.0.40219.1
Project("{FAE04EC0-301F-11D3-BF4B-00C04F79EFBC}") = "RailWay", "RailWay.csproj", "{BD00DE31-B329-4F7A-AEAB-FA88F234416E}"
EndProject
Global
	GlobalSection(SolutionConfigurationPlatforms) = preSolution
		Debug|Any CPU = Debug|Any CPU
		Release|Any CPU = Release|Any CPU
	EndGlobalSection
	GlobalSection(ProjectConfigurationPlatforms) = postSolution
		{BD00DE31-B329-4F7A-AEAB-FA88F234416E}.Debug|Any CPU.ActiveCfg = Debug|Any CPU
		{BD00DE31-B329-4F7A-AEAB-FA88F234416E}.Debug|Any CPU.Build.0 = Debug|Any CPU
		{BD00DE31-B329-4F7A-AEAB-FA88F234416E}.Release|Any CPU.ActiveCfg = Release|Any CPU
		{BD00DE31-B329-4F7A-AEAB-FA88F234416E}.Release|Any CPU.Build.0 = Release|Any CPU
	EndGlobalSection
	GlobalSection(SolutionProperties) = preSolution
		HideSolutionNode = FALSE
	EndGlobalSection
	GlobalSection(ExtensibilityGlobals) = postSolution
		SolutionGuid = {657F8D35-C342-48AC-A823-304A8850493D}
	EndGlobalSection
EndGlobal
